
Microsoft Visual Studio Solution File, Format Version 12.00
# Visual Studio Version 16
VisualStudioVersion = 16.0.29728.190
MinimumVisualStudioVersion = 10.0.40219.1
Project("{8BC9CEB8-8B4A-11D0-8D11-00A0C91BC942}") = "Assignment 3 (Uni-Processor Simulator)", "Assignment 3 (Uni-Processor Simulator)\Assignment 3 (Uni-Processor Simulator).vcxproj", "{8376B0A1-DD05-4C53-B92D-6D8A3E0F22E9}"
EndProject
Global
	GlobalSection(SolutionConfigurationPlatforms) = preSolution
		Debug|x64 = Debug|x64
		Debug|x86 = Debug|x86
		Release|x64 = Release|x64
		Release|x86 = Release|x86
	EndGlobalSection
	GlobalSection(ProjectConfigurationPlatforms) = postSolution
		{8376B0A1-DD05-4C53-B92D-6D8A3E0F22E9}.Debug|x64.ActiveCfg = Debug|x64
		{8376B0A1-DD05-4C53-B92D-6D8A3E0F22E9}.Debug|x64.Build.0 = Debug|x64
		{8376B0A1-DD05-4C53-B92D-6D8A3E0F22E9}.Debug|x86.ActiveCfg = Debug|Win32
		{8376B0A1-DD05-4C53-B92D-6D8A3E0F22E9}.Debug|x86.Build.0 = Debug|Win32
		{8376B0A1-DD05-4C53-B92D-6D8A3E0F22E9}.Release|x64.ActiveCfg = Release|x64
		{8376B0A1-DD05-4C53-B92D-6D8A3E0F22E9}.Release|x64.Build.0 = Release|x64
		{8376B0A1-DD05-4C53-B92D-6D8A3E0F22E9}.Release|x86.ActiveCfg = Release|Win32
		{8376B0A1-DD05-4C53-B92D-6D8A3E0F22E9}.Release|x86.Build.0 = Release|Win32
	EndGlobalSection
	GlobalSection(SolutionProperties) = preSolution
		HideSolutionNode = FALSE
	EndGlobalSection
	GlobalSection(ExtensibilityGlobals) = postSolution
		SolutionGuid = {B2A1B511-08AA-4366-9071-6B91D9AEBEB7}
	EndGlobalSection
EndGlobal
