
Microsoft Visual Studio Solution File, Format Version 12.00
# Visual Studio 15
VisualStudioVersion = 15.0.27130.2003
MinimumVisualStudioVersion = 10.0.40219.1
Project("{8BC9CEB8-8B4A-11D0-8D11-00A0C91BC942}") = "Cylinder Program", "Cylinder Program\Cylinder Program.vcxproj", "{669870D8-1E74-4735-8841-D151992C227A}"
EndProject
Global
	GlobalSection(SolutionConfigurationPlatforms) = preSolution
		Debug|x64 = Debug|x64
		Debug|x86 = Debug|x86
		Release|x64 = Release|x64
		Release|x86 = Release|x86
	EndGlobalSection
	GlobalSection(ProjectConfigurationPlatforms) = postSolution
		{669870D8-1E74-4735-8841-D151992C227A}.Debug|x64.ActiveCfg = Debug|x64
		{669870D8-1E74-4735-8841-D151992C227A}.Debug|x64.Build.0 = Debug|x64
		{669870D8-1E74-4735-8841-D151992C227A}.Debug|x86.ActiveCfg = Debug|Win32
		{669870D8-1E74-4735-8841-D151992C227A}.Debug|x86.Build.0 = Debug|Win32
		{669870D8-1E74-4735-8841-D151992C227A}.Release|x64.ActiveCfg = Release|x64
		{669870D8-1E74-4735-8841-D151992C227A}.Release|x64.Build.0 = Release|x64
		{669870D8-1E74-4735-8841-D151992C227A}.Release|x86.ActiveCfg = Release|Win32
		{669870D8-1E74-4735-8841-D151992C227A}.Release|x86.Build.0 = Release|Win32
	EndGlobalSection
	GlobalSection(SolutionProperties) = preSolution
		HideSolutionNode = FALSE
	EndGlobalSection
	GlobalSection(ExtensibilityGlobals) = postSolution
		SolutionGuid = {7836A8F2-2181-410D-98DD-6D90B7D33188}
	EndGlobalSection
EndGlobal
