
Microsoft Visual Studio Solution File, Format Version 12.00
# Visual Studio Version 16
VisualStudioVersion = 16.0.29728.190
MinimumVisualStudioVersion = 10.0.40219.1
Project("{F184B08F-C81C-45F6-A57F-5ABD9991F28F}") = "Assignment 1", "Assignment 1\Assignment 1.vbproj", "{BC3C5877-8B15-4D5B-B812-77CDC603B248}"
EndProject
Global
	GlobalSection(SolutionConfigurationPlatforms) = preSolution
		Debug|Any CPU = Debug|Any CPU
		Release|Any CPU = Release|Any CPU
	EndGlobalSection
	GlobalSection(ProjectConfigurationPlatforms) = postSolution
		{BC3C5877-8B15-4D5B-B812-77CDC603B248}.Debug|Any CPU.ActiveCfg = Debug|Any CPU
		{BC3C5877-8B15-4D5B-B812-77CDC603B248}.Debug|Any CPU.Build.0 = Debug|Any CPU
		{BC3C5877-8B15-4D5B-B812-77CDC603B248}.Release|Any CPU.ActiveCfg = Release|Any CPU
		{BC3C5877-8B15-4D5B-B812-77CDC603B248}.Release|Any CPU.Build.0 = Release|Any CPU
	EndGlobalSection
	GlobalSection(SolutionProperties) = preSolution
		HideSolutionNode = FALSE
	EndGlobalSection
	GlobalSection(ExtensibilityGlobals) = postSolution
		SolutionGuid = {5C85758F-F5EC-4411-B957-1CDC18513AA6}
	EndGlobalSection
EndGlobal
