
Microsoft Visual Studio Solution File, Format Version 12.00
# Visual Studio 15
VisualStudioVersion = 15.0.27004.2005
MinimumVisualStudioVersion = 10.0.40219.1
Project("{8BC9CEB8-8B4A-11D0-8D11-00A0C91BC942}") = "Tax Program Phase 3", "Tax Program Phase 3\Tax Program Phase 3.vcxproj", "{178A10D7-7C7F-49A4-9EA8-BADFAB45A594}"
EndProject
Global
	GlobalSection(SolutionConfigurationPlatforms) = preSolution
		Debug|x64 = Debug|x64
		Debug|x86 = Debug|x86
		Release|x64 = Release|x64
		Release|x86 = Release|x86
	EndGlobalSection
	GlobalSection(ProjectConfigurationPlatforms) = postSolution
		{178A10D7-7C7F-49A4-9EA8-BADFAB45A594}.Debug|x64.ActiveCfg = Debug|x64
		{178A10D7-7C7F-49A4-9EA8-BADFAB45A594}.Debug|x64.Build.0 = Debug|x64
		{178A10D7-7C7F-49A4-9EA8-BADFAB45A594}.Debug|x86.ActiveCfg = Debug|Win32
		{178A10D7-7C7F-49A4-9EA8-BADFAB45A594}.Debug|x86.Build.0 = Debug|Win32
		{178A10D7-7C7F-49A4-9EA8-BADFAB45A594}.Release|x64.ActiveCfg = Release|x64
		{178A10D7-7C7F-49A4-9EA8-BADFAB45A594}.Release|x64.Build.0 = Release|x64
		{178A10D7-7C7F-49A4-9EA8-BADFAB45A594}.Release|x86.ActiveCfg = Release|Win32
		{178A10D7-7C7F-49A4-9EA8-BADFAB45A594}.Release|x86.Build.0 = Release|Win32
	EndGlobalSection
	GlobalSection(SolutionProperties) = preSolution
		HideSolutionNode = FALSE
	EndGlobalSection
	GlobalSection(ExtensibilityGlobals) = postSolution
		SolutionGuid = {593FFDDB-0608-45EE-81F6-3BC0FC4295AA}
	EndGlobalSection
EndGlobal
